
Microsoft Visual Studio Solution File, Format Version 12.00
# Visual Studio Version 16
VisualStudioVersion = 16.0.30225.117
MinimumVisualStudioVersion = 10.0.40219.1
Project("{FAE04EC0-301F-11D3-BF4B-00C04F79EFBC}") = "Hospital.Android", "Hospital\Hospital.Android\Hospital.Android.csproj", "{E6393009-EBD6-4C55-8D95-37B89355E5A3}"
EndProject
Project("{FAE04EC0-301F-11D3-BF4B-00C04F79EFBC}") = "Hospital.iOS", "Hospital\Hospital.iOS\Hospital.iOS.csproj", "{E78607FA-FF3F-48E3-8870-C0504A747E33}"
EndProject
Project("{9A19103F-16F7-4668-BE54-9A1E7A4F7556}") = "Hospital", "Hospital\Hospital\Hospital.csproj", "{A8335EDE-D62A-4943-A384-82D302FB8552}"
EndProject
Project("{FAE04EC0-301F-11D3-BF4B-00C04F79EFBC}") = "Server", "Server\Server.csproj", "{2B67F6EF-F31D-43AF-B3A1-49A2DF56E365}"
EndProject
Global
	GlobalSection(SolutionConfigurationPlatforms) = preSolution
		Debug|Any CPU = Debug|Any CPU
		Debug|iPhone = Debug|iPhone
		Debug|iPhoneSimulator = Debug|iPhoneSimulator
		Release|Any CPU = Release|Any CPU
		Release|iPhone = Release|iPhone
		Release|iPhoneSimulator = Release|iPhoneSimulator
	EndGlobalSection
	GlobalSection(ProjectConfigurationPlatforms) = postSolution
		{E6393009-EBD6-4C55-8D95-37B89355E5A3}.Debug|Any CPU.ActiveCfg = Debug|Any CPU
		{E6393009-EBD6-4C55-8D95-37B89355E5A3}.Debug|Any CPU.Build.0 = Debug|Any CPU
		{E6393009-EBD6-4C55-8D95-37B89355E5A3}.Debug|Any CPU.Deploy.0 = Debug|Any CPU
		{E6393009-EBD6-4C55-8D95-37B89355E5A3}.Debug|iPhone.ActiveCfg = Debug|Any CPU
		{E6393009-EBD6-4C55-8D95-37B89355E5A3}.Debug|iPhone.Build.0 = Debug|Any CPU
		{E6393009-EBD6-4C55-8D95-37B89355E5A3}.Debug|iPhone.Deploy.0 = Debug|Any CPU
		{E6393009-EBD6-4C55-8D95-37B89355E5A3}.Debug|iPhoneSimulator.ActiveCfg = Debug|Any CPU
		{E6393009-EBD6-4C55-8D95-37B89355E5A3}.Debug|iPhoneSimulator.Build.0 = Debug|Any CPU
		{E6393009-EBD6-4C55-8D95-37B89355E5A3}.Debug|iPhoneSimulator.Deploy.0 = Debug|Any CPU
		{E6393009-EBD6-4C55-8D95-37B89355E5A3}.Release|Any CPU.ActiveCfg = Release|Any CPU
		{E6393009-EBD6-4C55-8D95-37B89355E5A3}.Release|Any CPU.Build.0 = Release|Any CPU
		{E6393009-EBD6-4C55-8D95-37B89355E5A3}.Release|Any CPU.Deploy.0 = Release|Any CPU
		{E6393009-EBD6-4C55-8D95-37B89355E5A3}.Release|iPhone.ActiveCfg = Release|Any CPU
		{E6393009-EBD6-4C55-8D95-37B89355E5A3}.Release|iPhone.Build.0 = Release|Any CPU
		{E6393009-EBD6-4C55-8D95-37B89355E5A3}.Release|iPhone.Deploy.0 = Release|Any CPU
		{E6393009-EBD6-4C55-8D95-37B89355E5A3}.Release|iPhoneSimulator.ActiveCfg = Release|Any CPU
		{E6393009-EBD6-4C55-8D95-37B89355E5A3}.Release|iPhoneSimulator.Build.0 = Release|Any CPU
		{E6393009-EBD6-4C55-8D95-37B89355E5A3}.Release|iPhoneSimulator.Deploy.0 = Release|Any CPU
		{E78607FA-FF3F-48E3-8870-C0504A747E33}.Debug|Any CPU.ActiveCfg = Debug|iPhone
		{E78607FA-FF3F-48E3-8870-C0504A747E33}.Debug|iPhone.ActiveCfg = Debug|iPhone
		{E78607FA-FF3F-48E3-8870-C0504A747E33}.Debug|iPhone.Build.0 = Debug|iPhone
		{E78607FA-FF3F-48E3-8870-C0504A747E33}.Debug|iPhoneSimulator.ActiveCfg = Debug|iPhoneSimulator
		{E78607FA-FF3F-48E3-8870-C0504A747E33}.Debug|iPhoneSimulator.Build.0 = Debug|iPhoneSimulator
		{E78607FA-FF3F-48E3-8870-C0504A747E33}.Release|Any CPU.ActiveCfg = Release|iPhone
		{E78607FA-FF3F-48E3-8870-C0504A747E33}.Release|iPhone.ActiveCfg = Release|iPhone
		{E78607FA-FF3F-48E3-8870-C0504A747E33}.Release|iPhone.Build.0 = Release|iPhone
		{E78607FA-FF3F-48E3-8870-C0504A747E33}.Release|iPhoneSimulator.ActiveCfg = Release|iPhoneSimulator
		{E78607FA-FF3F-48E3-8870-C0504A747E33}.Release|iPhoneSimulator.Build.0 = Release|iPhoneSimulator
		{A8335EDE-D62A-4943-A384-82D302FB8552}.Debug|Any CPU.ActiveCfg = Debug|Any CPU
		{A8335EDE-D62A-4943-A384-82D302FB8552}.Debug|Any CPU.Build.0 = Debug|Any CPU
		{A8335EDE-D62A-4943-A384-82D302FB8552}.Debug|iPhone.ActiveCfg = Debug|Any CPU
		{A8335EDE-D62A-4943-A384-82D302FB8552}.Debug|iPhone.Build.0 = Debug|Any CPU
		{A8335EDE-D62A-4943-A384-82D302FB8552}.Debug|iPhoneSimulator.ActiveCfg = Debug|Any CPU
		{A8335EDE-D62A-4943-A384-82D302FB8552}.Debug|iPhoneSimulator.Build.0 = Debug|Any CPU
		{A8335EDE-D62A-4943-A384-82D302FB8552}.Release|Any CPU.ActiveCfg = Release|Any CPU
		{A8335EDE-D62A-4943-A384-82D302FB8552}.Release|Any CPU.Build.0 = Release|Any CPU
		{A8335EDE-D62A-4943-A384-82D302FB8552}.Release|iPhone.ActiveCfg = Release|Any CPU
		{A8335EDE-D62A-4943-A384-82D302FB8552}.Release|iPhone.Build.0 = Release|Any CPU
		{A8335EDE-D62A-4943-A384-82D302FB8552}.Release|iPhoneSimulator.ActiveCfg = Release|Any CPU
		{A8335EDE-D62A-4943-A384-82D302FB8552}.Release|iPhoneSimulator.Build.0 = Release|Any CPU
		{2B67F6EF-F31D-43AF-B3A1-49A2DF56E365}.Debug|Any CPU.ActiveCfg = Debug|Any CPU
		{2B67F6EF-F31D-43AF-B3A1-49A2DF56E365}.Debug|Any CPU.Build.0 = Debug|Any CPU
		{2B67F6EF-F31D-43AF-B3A1-49A2DF56E365}.Debug|iPhone.ActiveCfg = Debug|Any CPU
		{2B67F6EF-F31D-43AF-B3A1-49A2DF56E365}.Debug|iPhone.Build.0 = Debug|Any CPU
		{2B67F6EF-F31D-43AF-B3A1-49A2DF56E365}.Debug|iPhoneSimulator.ActiveCfg = Debug|Any CPU
		{2B67F6EF-F31D-43AF-B3A1-49A2DF56E365}.Debug|iPhoneSimulator.Build.0 = Debug|Any CPU
		{2B67F6EF-F31D-43AF-B3A1-49A2DF56E365}.Release|Any CPU.ActiveCfg = Release|Any CPU
		{2B67F6EF-F31D-43AF-B3A1-49A2DF56E365}.Release|Any CPU.Build.0 = Release|Any CPU
		{2B67F6EF-F31D-43AF-B3A1-49A2DF56E365}.Release|iPhone.ActiveCfg = Release|Any CPU
		{2B67F6EF-F31D-43AF-B3A1-49A2DF56E365}.Release|iPhone.Build.0 = Release|Any CPU
		{2B67F6EF-F31D-43AF-B3A1-49A2DF56E365}.Release|iPhoneSimulator.ActiveCfg = Release|Any CPU
		{2B67F6EF-F31D-43AF-B3A1-49A2DF56E365}.Release|iPhoneSimulator.Build.0 = Release|Any CPU
	EndGlobalSection
	GlobalSection(SolutionProperties) = preSolution
		HideSolutionNode = FALSE
	EndGlobalSection
	GlobalSection(ExtensibilityGlobals) = postSolution
		SolutionGuid = {91AF5EE0-6C4F-4C0B-B0FF-EE3BB59FBC1F}
	EndGlobalSection
EndGlobal
